// !$*UTF8*$!
{
	archiveVersion = 1;
	classes = {
	};
	objectVersion = 50;
	objects = {

/* Begin PBXBuildFile section */
		0EEEB745D346FC4E77DBAC30 /* Pods_SpeechRecognizer.framework in Frameworks */ = {isa = PBXBuildFile; fileRef = 4E973C377CE5FDB54F76AD76 /* Pods_SpeechRecognizer.framework */; };
		F2B80D902625865500DFAECB /* AppDelegate.swift in Sources */ = {isa = PBXBuildFile; fileRef = F2B80D8F2625865500DFAECB /* AppDelegate.swift */; };
		F2B80D922625865500DFAECB /* SceneDelegate.swift in Sources */ = {isa = PBXBuildFile; fileRef = F2B80D912625865500DFAECB /* SceneDelegate.swift */; };
		F2B80D942625865500DFAECB /* ViewController.swift in Sources */ = {isa = PBXBuildFile; fileRef = F2B80D932625865500DFAECB /* ViewController.swift */; };
		F2B80D972625865500DFAECB /* Main.storyboard in Resources */ = {isa = PBXBuildFile; fileRef = F2B80D952625865500DFAECB /* Main.storyboard */; };
		F2B80D992625865700DFAECB /* Assets.xcassets in Resources */ = {isa = PBXBuildFile; fileRef = F2B80D982625865700DFAECB /* Assets.xcassets */; };
		F2B80D9C2625865700DFAECB /* LaunchScreen.storyboard in Resources */ = {isa = PBXBuildFile; fileRef = F2B80D9A2625865700DFAECB /* LaunchScreen.storyboard */; };
/* End PBXBuildFile section */

/* Begin PBXFileReference section */
		4E973C377CE5FDB54F76AD76 /* Pods_SpeechRecognizer.framework */ = {isa = PBXFileReference; explicitFileType = wrapper.framework; includeInIndex = 0; path = Pods_SpeechRecognizer.framework; sourceTree = BUILT_PRODUCTS_DIR; };
		9F3A382365C4EE4537B8F175 /* Pods-SpeechRecognizer.debug.xcconfig */ = {isa = PBXFileReference; includeInIndex = 1; lastKnownFileType = text.xcconfig; name = "Pods-SpeechRecognizer.debug.xcconfig"; path = "Target Support Files/Pods-SpeechRecognizer/Pods-SpeechRecognizer.debug.xcconfig"; sourceTree = "<group>"; };
		CE430D9F91D47046B173383A /* Pods-SpeechRecognizer.release.xcconfig */ = {isa = PBXFileReference; includeInIndex = 1; lastKnownFileType = text.xcconfig; name = "Pods-SpeechRecognizer.release.xcconfig"; path = "Target Support Files/Pods-SpeechRecognizer/Pods-SpeechRecognizer.release.xcconfig"; sourceTree = "<group>"; };
		F2B80D8C2625865500DFAECB /* SpeechRecognizer.app */ = {isa = PBXFileReference; explicitFileType = wrapper.application; includeInIndex = 0; path = SpeechRecognizer.app; sourceTree = BUILT_PRODUCTS_DIR; };
		F2B80D8F2625865500DFAECB /* AppDelegate.swift */ = {isa = PBXFileReference; lastKnownFileType = sourcecode.swift; path = AppDelegate.swift; sourceTree = "<group>"; };
		F2B80D912625865500DFAECB /* SceneDelegate.swift */ = {isa = PBXFileReference; lastKnownFileType = sourcecode.swift; path = SceneDelegate.swift; sourceTree = "<group>"; };
		F2B80D932625865500DFAECB /* ViewController.swift */ = {isa = PBXFileReference; lastKnownFileType = sourcecode.swift; path = ViewController.swift; sourceTree = "<group>"; };
		F2B80D962625865500DFAECB /* Base */ = {isa = PBXFileReference; lastKnownFileType = file.storyboard; name = Base; path = Base.lproj/Main.storyboard; sourceTree = "<group>"; };
		F2B80D982625865700DFAECB /* Assets.xcassets */ = {isa = PBXFileReference; lastKnownFileType = folder.assetcatalog; path = Assets.xcassets; sourceTree = "<group>"; };
		F2B80D9B2625865700DFAECB /* Base */ = {isa = PBXFileReference; lastKnownFileType = file.storyboard; name = Base; path = Base.lproj/LaunchScreen.storyboard; sourceTree = "<group>"; };
		F2B80D9D2625865700DFAECB /* Info.plist */ = {isa = PBXFileReference; lastKnownFileType = text.plist.xml; path = Info.plist; sourceTree = "<group>"; };
/* End PBXFileReference section */

/* Begin PBXFrameworksBuildPhase section */
		F2B80D892625865500DFAECB /* Frameworks */ = {
			isa = PBXFrameworksBuildPhase;
			buildActionMask = 2147483647;
			files = (
				0EEEB745D346FC4E77DBAC30 /* Pods_SpeechRecognizer.framework in Frameworks */,
			);
			runOnlyForDeploymentPostprocessing = 0;
		};
/* End PBXFrameworksBuildPhase section */

/* Begin PBXGroup section */
		33B06CFF9563CB02570C28EB /* Pods */ = {
			isa = PBXGroup;
			children = (
				9F3A382365C4EE4537B8F175 /* Pods-SpeechRecognizer.debug.xcconfig */,
				CE430D9F91D47046B173383A /* Pods-SpeechRecognizer.release.xcconfig */,
			);
			name = Pods;
			path = Pods;
			sourceTree = "<group>";
		};
		EDEA1DE50C328D7239DD5320 /* Frameworks */ = {
			isa = PBXGroup;
			children = (
				4E973C377CE5FDB54F76AD76 /* Pods_SpeechRecognizer.framework */,
			);
			name = Frameworks;
			sourceTree = "<group>";
		};
		F2B80D832625865500DFAECB = {
			isa = PBXGroup;
			children = (
				F2B80D8E2625865500DFAECB /* SpeechRecognizer */,
				F2B80D8D2625865500DFAECB /* Products */,
				33B06CFF9563CB02570C28EB /* Pods */,
				EDEA1DE50C328D7239DD5320 /* Frameworks */,
			);
			sourceTree = "<group>";
		};
		F2B80D8D2625865500DFAECB /* Products */ = {
			isa = PBXGroup;
			children = (
				F2B80D8C2625865500DFAECB /* SpeechRecognizer.app */,
			);
			name = Products;
			sourceTree = "<group>";
		};
		F2B80D8E2625865500DFAECB /* SpeechRecognizer */ = {
			isa = PBXGroup;
			children = (
				F2B80D8F2625865500DFAECB /* AppDelegate.swift */,
				F2B80D912625865500DFAECB /* SceneDelegate.swift */,
				F2B80D932625865500DFAECB /* ViewController.swift */,
				F2B80D952625865500DFAECB /* Main.storyboard */,
				F2B80D982625865700DFAECB /* Assets.xcassets */,
				F2B80D9A2625865700DFAECB /* LaunchScreen.storyboard */,
				F2B80D9D2625865700DFAECB /* Info.plist */,
			);
			path = SpeechRecognizer;
			sourceTree = "<group>";
		};
/* End PBXGroup section */

/* Begin PBXNativeTarget section */
		F2B80D8B2625865500DFAECB /* SpeechRecognizer */ = {
			isa = PBXNativeTarget;
			buildConfigurationList = F2B80DA02625865700DFAECB /* Build configuration list for PBXNativeTarget "SpeechRecognizer" */;
			buildPhases = (
				4458E3CEC8A8FED9CF414A36 /* [CP] Check Pods Manifest.lock */,
				F2B80D882625865500DFAECB /* Sources */,
				F2B80D892625865500DFAECB /* Frameworks */,
				F2B80D8A2625865500DFAECB /* Resources */,
				6EBE09A3646BD4712A2BCCFE /* [CP] Embed Pods Frameworks */,
			);
			buildRules = (
			);
			dependencies = (
			);
			name = SpeechRecognizer;
			productName = SpeechRecognizer;
			productReference = F2B80D8C2625865500DFAECB /* SpeechRecognizer.app */;
			productType = "com.apple.product-type.application";
		};
/* End PBXNativeTarget section */

/* Begin PBXProject section */
		F2B80D842625865500DFAECB /* Project object */ = {
			isa = PBXProject;
			attributes = {
				LastSwiftUpdateCheck = 1240;
				LastUpgradeCheck = 1240;
				TargetAttributes = {
					F2B80D8B2625865500DFAECB = {
						CreatedOnToolsVersion = 12.4;
					};
				};
			};
			buildConfigurationList = F2B80D872625865500DFAECB /* Build configuration list for PBXProject "SpeechRecognizer" */;
			compatibilityVersion = "Xcode 9.3";
			developmentRegion = en;
			hasScannedForEncodings = 0;
			knownRegions = (
				en,
				Base,
			);
			mainGroup = F2B80D832625865500DFAECB;
			productRefGroup = F2B80D8D2625865500DFAECB /* Products */;
			projectDirPath = "";
			projectRoot = "";
			targets = (
				F2B80D8B2625865500DFAECB /* SpeechRecognizer */,
			);
		};
/* End PBXProject section */

/* Begin PBXResourcesBuildPhase section */
		F2B80D8A2625865500DFAECB /* Resources */ = {
			isa = PBXResourcesBuildPhase;
			buildActionMask = 2147483647;
			files = (
				F2B80D9C2625865700DFAECB /* LaunchScreen.storyboard in Resources */,
				F2B80D992625865700DFAECB /* Assets.xcassets in Resources */,
				F2B80D972625865500DFAECB /* Main.storyboard in Resources */,
			);
			runOnlyForDeploymentPostprocessing = 0;
		};
/* End PBXResourcesBuildPhase section */

/* Begin PBXShellScriptBuildPhase section */
		4458E3CEC8A8FED9CF414A36 /* [CP] Check Pods Manifest.lock */ = {
			isa = PBXShellScriptBuildPhase;
			buildActionMask = 2147483647;
			files = (
			);
			inputFileListPaths = (
			);
			inputPaths = (
				"${PODS_PODFILE_DIR_PATH}/Podfile.lock",
				"${PODS_ROOT}/Manifest.lock",
			);
			name = "[CP] Check Pods Manifest.lock";
			outputFileListPaths = (
			);
			outputPaths = (
				"$(DERIVED_FILE_DIR)/Pods-SpeechRecognizer-checkManifestLockResult.txt",
			);
			runOnlyForDeploymentPostprocessing = 0;
			shellPath = /bin/sh;
			shellScript = "diff \"${PODS_PODFILE_DIR_PATH}/Podfile.lock\" \"${PODS_ROOT}/Manifest.lock\" > /dev/null\nif [ $? != 0 ] ; then\n    # print error to STDERR\n    echo \"error: The sandbox is not in sync with the Podfile.lock. Run 'pod install' or update your CocoaPods installation.\" >&2\n    exit 1\nfi\n# This output is used by Xcode 'outputs' to avoid re-running this script phase.\necho \"SUCCESS\" > \"${SCRIPT_OUTPUT_FILE_0}\"\n";
			showEnvVarsInLog = 0;
		};
		6EBE09A3646BD4712A2BCCFE /* [CP] Embed Pods Frameworks */ = {
			isa = PBXShellScriptBuildPhase;
			buildActionMask = 2147483647;
			files = (
			);
			inputFileListPaths = (
				"${PODS_ROOT}/Target Support Files/Pods-SpeechRecognizer/Pods-SpeechRecognizer-frameworks-${CONFIGURATION}-input-files.xcfilelist",
			);
			name = "[CP] Embed Pods Frameworks";
			outputFileListPaths = (
				"${PODS_ROOT}/Target Support Files/Pods-SpeechRecognizer/Pods-SpeechRecognizer-frameworks-${CONFIGURATION}-output-files.xcfilelist",
			);
			runOnlyForDeploymentPostprocessing = 0;
			shellPath = /bin/sh;
			shellScript = "\"${PODS_ROOT}/Target Support Files/Pods-SpeechRecognizer/Pods-SpeechRecognizer-frameworks.sh\"\n";
			showEnvVarsInLog = 0;
		};
/* End PBXShellScriptBuildPhase section */

/* Begin PBXSourcesBuildPhase section */
		F2B80D882625865500DFAECB /* Sources */ = {
			isa = PBXSourcesBuildPhase;
			buildActionMask = 2147483647;
			files = (
				F2B80D942625865500DFAECB /* ViewController.swift in Sources */,
				F2B80D902625865500DFAECB /* AppDelegate.swift in Sources */,
				F2B80D922625865500DFAECB /* SceneDelegate.swift in Sources */,
			);
			runOnlyForDeploymentPostprocessing = 0;
		};
/* End PBXSourcesBuildPhase section */

/* Begin PBXVariantGroup section */
		F2B80D952625865500DFAECB /* Main.storyboard */ = {
			isa = PBXVariantGroup;
			children = (
				F2B80D962625865500DFAECB /* Base */,
			);
			name = Main.storyboard;
			sourceTree = "<group>";
		};
		F2B80D9A2625865700DFAECB /* LaunchScreen.storyboard */ = {
			isa = PBXVariantGroup;
			children = (
				F2B80D9B2625865700DFAECB /* Base */,
			);
			name = LaunchScreen.storyboard;
			sourceTree = "<group>";
		};
/* End PBXVariantGroup section */

/* Begin XCBuildConfiguration section */
		F2B80D9E2625865700DFAECB /* Debug */ = {
			isa = XCBuildConfiguration;
			buildSettings = {
				ALWAYS_SEARCH_USER_PATHS = NO;
				CLANG_ANALYZER_NONNULL = YES;
				CLANG_ANALYZER_NUMBER_OBJECT_CONVERSION = YES_AGGRESSIVE;
				CLANG_CXX_LANGUAGE_STANDARD = "gnu++14";
				CLANG_CXX_LIBRARY = "libc++";
				CLANG_ENABLE_MODULES = YES;
				CLANG_ENABLE_OBJC_ARC = YES;
				CLANG_ENABLE_OBJC_WEAK = YES;
				CLANG_WARN_BLOCK_CAPTURE_AUTORELEASING = YES;
				CLANG_WARN_BOOL_CONVERSION = YES;
				CLANG_WARN_COMMA = YES;
				CLANG_WARN_CONSTANT_CONVERSION = YES;
				CLANG_WARN_DEPRECATED_OBJC_IMPLEMENTATIONS = YES;
				CLANG_WARN_DIRECT_OBJC_ISA_USAGE = YES_ERROR;
				CLANG_WARN_DOCUMENTATION_COMMENTS = YES;
				CLANG_WARN_EMPTY_BODY = YES;
				CLANG_WARN_ENUM_CONVERSION = YES;
				CLANG_WARN_INFINITE_RECURSION = YES;
				CLANG_WARN_INT_CONVERSION = YES;
				CLANG_WARN_NON_LITERAL_NULL_CONVERSION = YES;
				CLANG_WARN_OBJC_IMPLICIT_RETAIN_SELF = YES;
				CLANG_WARN_OBJC_LITERAL_CONVERSION = YES;
				CLANG_WARN_OBJC_ROOT_CLASS = YES_ERROR;
				CLANG_WARN_QUOTED_INCLUDE_IN_FRAMEWORK_HEADER = YES;
				CLANG_WARN_RANGE_LOOP_ANALYSIS = YES;
				CLANG_WARN_STRICT_PROTOTYPES = YES;
				CLANG_WARN_SUSPICIOUS_MOVE = YES;
				CLANG_WARN_UNGUARDED_AVAILABILITY = YES_AGGRESSIVE;
				CLANG_WARN_UNREACHABLE_CODE = YES;
				CLANG_WARN__DUPLICATE_METHOD_MATCH = YES;
				COPY_PHASE_STRIP = NO;
				DEBUG_INFORMATION_FORMAT = dwarf;
				ENABLE_STRICT_OBJC_MSGSEND = YES;
				ENABLE_TESTABILITY = YES;
				GCC_C_LANGUAGE_STANDARD = gnu11;
				GCC_DYNAMIC_NO_PIC = NO;
				GCC_NO_COMMON_BLOCKS = YES;
				GCC_OPTIMIZATION_LEVEL = 0;
				GCC_PREPROCESSOR_DEFINITIONS = (
					"DEBUG=1",
					"$(inherited)",
				);
				GCC_WARN_64_TO_32_BIT_CONVERSION = YES;
				GCC_WARN_ABOUT_RETURN_TYPE = YES_ERROR;
				GCC_WARN_UNDECLARED_SELECTOR = YES;
				GCC_WARN_UNINITIALIZED_AUTOS = YES_AGGRESSIVE;
				GCC_WARN_UNUSED_FUNCTION = YES;
				GCC_WARN_UNUSED_VARIABLE = YES;
				IPHONEOS_DEPLOYMENT_TARGET = 14.4;
				MTL_ENABLE_DEBUG_INFO = INCLUDE_SOURCE;
				MTL_FAST_MATH = YES;
				ONLY_ACTIVE_ARCH = YES;
				SDKROOT = iphoneos;
				SWIFT_ACTIVE_COMPILATION_CONDITIONS = DEBUG;
				SWIFT_OPTIMIZATION_LEVEL = "-Onone";
			};
			name = Debug;
		};
		F2B80D9F2625865700DFAECB /* Release */ = {
			isa = XCBuildConfiguration;
			buildSettings = {
				ALWAYS_SEARCH_USER_PATHS = NO;
				CLANG_ANALYZER_NONNULL = YES;
				CLANG_ANALYZER_NUMBER_OBJECT_CONVERSION = YES_AGGRESSIVE;
				CLANG_CXX_LANGUAGE_STANDARD = "gnu++14";
				CLANG_CXX_LIBRARY = "libc++";
				CLANG_ENABLE_MODULES = YES;
				CLANG_ENABLE_OBJC_ARC = YES;
				CLANG_ENABLE_OBJC_WEAK = YES;
				CLANG_WARN_BLOCK_CAPTURE_AUTORELEASING = YES;
				CLANG_WARN_BOOL_CONVERSION = YES;
				CLANG_WARN_COMMA = YES;
				CLANG_WARN_CONSTANT_CONVERSION = YES;
				CLANG_WARN_DEPRECATED_OBJC_IMPLEMENTATIONS = YES;
				CLANG_WARN_DIRECT_OBJC_ISA_USAGE = YES_ERROR;
				CLANG_WARN_DOCUMENTATION_COMMENTS = YES;
				CLANG_WARN_EMPTY_BODY = YES;
				CLANG_WARN_ENUM_CONVERSION = YES;
				CLANG_WARN_INFINITE_RECURSION = YES;
				CLANG_WARN_INT_CONVERSION = YES;
				CLANG_WARN_NON_LITERAL_NULL_CONVERSION = YES;
				CLANG_WARN_OBJC_IMPLICIT_RETAIN_SELF = YES;
				CLANG_WARN_OBJC_LITERAL_CONVERSION = YES;
				CLANG_WARN_OBJC_ROOT_CLASS = YES_ERROR;
				CLANG_WARN_QUOTED_INCLUDE_IN_FRAMEWORK_HEADER = YES;
				CLANG_WARN_RANGE_LOOP_ANALYSIS = YES;
				CLANG_WARN_STRICT_PROTOTYPES = YES;
				CLANG_WARN_SUSPICIOUS_MOVE = YES;
				CLANG_WARN_UNGUARDED_AVAILABILITY = YES_AGGRESSIVE;
				CLANG_WARN_UNREACHABLE_CODE = YES;
				CLANG_WARN__DUPLICATE_METHOD_MATCH = YES;
				COPY_PHASE_STRIP = NO;
				DEBUG_INFORMATION_FORMAT = "dwarf-with-dsym";
				ENABLE_NS_ASSERTIONS = NO;
				ENABLE_STRICT_OBJC_MSGSEND = YES;
				GCC_C_LANGUAGE_STANDARD = gnu11;
				GCC_NO_COMMON_BLOCKS = YES;
				GCC_WARN_64_TO_32_BIT_CONVERSION = YES;
				GCC_WARN_ABOUT_RETURN_TYPE = YES_ERROR;
				GCC_WARN_UNDECLARED_SELECTOR = YES;
				GCC_WARN_UNINITIALIZED_AUTOS = YES_AGGRESSIVE;
				GCC_WARN_UNUSED_FUNCTION = YES;
				GCC_WARN_UNUSED_VARIABLE = YES;
				IPHONEOS_DEPLOYMENT_TARGET = 14.4;
				MTL_ENABLE_DEBUG_INFO = NO;
				MTL_FAST_MATH = YES;
				SDKROOT = iphoneos;
				SWIFT_COMPILATION_MODE = wholemodule;
				SWIFT_OPTIMIZATION_LEVEL = "-O";
				VALIDATE_PRODUCT = YES;
			};
			name = Release;
		};
		F2B80DA12625865700DFAECB /* Debug */ = {
			isa = XCBuildConfiguration;
			baseConfigurationReference = 9F3A382365C4EE4537B8F175 /* Pods-SpeechRecognizer.debug.xcconfig */;
			buildSettings = {
				ASSETCATALOG_COMPILER_APPICON_NAME = AppIcon;
				ASSETCATALOG_COMPILER_GLOBAL_ACCENT_COLOR_NAME = AccentColor;
				CODE_SIGN_STYLE = Automatic;
				INFOPLIST_FILE = SpeechRecognizer/Info.plist;
				LD_RUNPATH_SEARCH_PATHS = (
					"$(inherited)",
					"@executable_path/Frameworks",
				);
				PRODUCT_BUNDLE_IDENTIFIER = chiefdom.SpeechRecognizer;
				PRODUCT_NAME = "$(TARGET_NAME)";
				SWIFT_VERSION = 5.0;
				TARGETED_DEVICE_FAMILY = "1,2";
			};
			name = Debug;
		};
		F2B80DA22625865700DFAECB /* Release */ = {
			isa = XCBuildConfiguration;
			baseConfigurationReference = CE430D9F91D47046B173383A /* Pods-SpeechRecognizer.release.xcconfig */;
			buildSettings = {
				ASSETCATALOG_COMPILER_APPICON_NAME = AppIcon;
				ASSETCATALOG_COMPILER_GLOBAL_ACCENT_COLOR_NAME = AccentColor;
				CODE_SIGN_STYLE = Automatic;
				INFOPLIST_FILE = SpeechRecognizer/Info.plist;
				LD_RUNPATH_SEARCH_PATHS = (
					"$(inherited)",
					"@executable_path/Frameworks",
				);
				PRODUCT_BUNDLE_IDENTIFIER = chiefdom.SpeechRecognizer;
				PRODUCT_NAME = "$(TARGET_NAME)";
				SWIFT_VERSION = 5.0;
				TARGETED_DEVICE_FAMILY = "1,2";
			};
			name = Release;
		};
/* End XCBuildConfiguration section */

/* Begin XCConfigurationList section */
		F2B80D872625865500DFAECB /* Build configuration list for PBXProject "SpeechRecognizer" */ = {
			isa = XCConfigurationList;
			buildConfigurations = (
				F2B80D9E2625865700DFAECB /* Debug */,
				F2B80D9F2625865700DFAECB /* Release */,
			);
			defaultConfigurationIsVisible = 0;
			defaultConfigurationName = Release;
		};
		F2B80DA02625865700DFAECB /* Build configuration list for PBXNativeTarget "SpeechRecognizer" */ = {
			isa = XCConfigurationList;
			buildConfigurations = (
				F2B80DA12625865700DFAECB /* Debug */,
				F2B80DA22625865700DFAECB /* Release */,
			);
			defaultConfigurationIsVisible = 0;
			defaultConfigurationName = Release;
		};
/* End XCConfigurationList section */
	};
	rootObject = F2B80D842625865500DFAECB /* Project object */;
}
